
Microsoft Visual Studio Solution File, Format Version 12.00
# Visual Studio 15
VisualStudioVersion = 15.0.28010.0
MinimumVisualStudioVersion = 10.0.40219.1
Project("{FAE04EC0-301F-11D3-BF4B-00C04F79EFBC}") = "Host", "Host\Host.csproj", "{2EF6D191-401B-40E3-8656-597DC6029B41}"
	ProjectSection(ProjectDependencies) = postProject
		{472BEA2E-4A50-4095-8CE6-8A7392D6A1F4} = {472BEA2E-4A50-4095-8CE6-8A7392D6A1F4}
		{27239FBD-7A5A-4326-935A-21A624DF9605} = {27239FBD-7A5A-4326-935A-21A624DF9605}
	EndProjectSection
EndProject
Project("{FAE04EC0-301F-11D3-BF4B-00C04F79EFBC}") = "App1", "App1\App1.csproj", "{472BEA2E-4A50-4095-8CE6-8A7392D6A1F4}"
EndProject
Project("{FAE04EC0-301F-11D3-BF4B-00C04F79EFBC}") = "App2", "App2\App2.csproj", "{27239FBD-7A5A-4326-935A-21A624DF9605}"
EndProject
Project("{FAE04EC0-301F-11D3-BF4B-00C04F79EFBC}") = "Lib1", "Lib1\Lib1.csproj", "{389278E7-2AF0-49A0-945F-1F54AB7EDEED}"
EndProject
Global
	GlobalSection(SolutionConfigurationPlatforms) = preSolution
		Debug|Any CPU = Debug|Any CPU
		Release|Any CPU = Release|Any CPU
	EndGlobalSection
	GlobalSection(ProjectConfigurationPlatforms) = postSolution
		{2EF6D191-401B-40E3-8656-597DC6029B41}.Debug|Any CPU.ActiveCfg = Debug|Any CPU
		{2EF6D191-401B-40E3-8656-597DC6029B41}.Debug|Any CPU.Build.0 = Debug|Any CPU
		{2EF6D191-401B-40E3-8656-597DC6029B41}.Release|Any CPU.ActiveCfg = Release|Any CPU
		{2EF6D191-401B-40E3-8656-597DC6029B41}.Release|Any CPU.Build.0 = Release|Any CPU
		{472BEA2E-4A50-4095-8CE6-8A7392D6A1F4}.Debug|Any CPU.ActiveCfg = Debug|Any CPU
		{472BEA2E-4A50-4095-8CE6-8A7392D6A1F4}.Debug|Any CPU.Build.0 = Debug|Any CPU
		{472BEA2E-4A50-4095-8CE6-8A7392D6A1F4}.Release|Any CPU.ActiveCfg = Release|Any CPU
		{472BEA2E-4A50-4095-8CE6-8A7392D6A1F4}.Release|Any CPU.Build.0 = Release|Any CPU
		{27239FBD-7A5A-4326-935A-21A624DF9605}.Debug|Any CPU.ActiveCfg = Debug|Any CPU
		{27239FBD-7A5A-4326-935A-21A624DF9605}.Debug|Any CPU.Build.0 = Debug|Any CPU
		{27239FBD-7A5A-4326-935A-21A624DF9605}.Release|Any CPU.ActiveCfg = Release|Any CPU
		{27239FBD-7A5A-4326-935A-21A624DF9605}.Release|Any CPU.Build.0 = Release|Any CPU
		{389278E7-2AF0-49A0-945F-1F54AB7EDEED}.Debug|Any CPU.ActiveCfg = Debug|Any CPU
		{389278E7-2AF0-49A0-945F-1F54AB7EDEED}.Debug|Any CPU.Build.0 = Debug|Any CPU
		{389278E7-2AF0-49A0-945F-1F54AB7EDEED}.Release|Any CPU.ActiveCfg = Release|Any CPU
		{389278E7-2AF0-49A0-945F-1F54AB7EDEED}.Release|Any CPU.Build.0 = Release|Any CPU
	EndGlobalSection
	GlobalSection(SolutionProperties) = preSolution
		HideSolutionNode = FALSE
	EndGlobalSection
	GlobalSection(ExtensibilityGlobals) = postSolution
		SolutionGuid = {9560B1A8-659A-480C-A08C-255A18DAE013}
	EndGlobalSection
EndGlobal
